
Microsoft Visual Studio Solution File, Format Version 12.00
# Visual Studio Express 2013 for Web
VisualStudioVersion = 12.0.31101.0
MinimumVisualStudioVersion = 10.0.40219.1
Project("{FAE04EC0-301F-11D3-BF4B-00C04F79EFBC}") = "hw1", "hw1\hw1.csproj", "{2D5DFD1B-3CB2-4AAE-BAFB-1264B00F50A3}"
EndProject
Project("{FAE04EC0-301F-11D3-BF4B-00C04F79EFBC}") = "Class1", "Class1\Class1.csproj", "{B50D0C43-B144-43CC-9F59-882D85F87BD3}"
EndProject
Project("{FAE04EC0-301F-11D3-BF4B-00C04F79EFBC}") = "BQ", "BQ\BQ.csproj", "{8E190D8E-2801-443C-B387-A04C477D1C23}"
EndProject
Global
	GlobalSection(SolutionConfigurationPlatforms) = preSolution
		Debug|Any CPU = Debug|Any CPU
		Release|Any CPU = Release|Any CPU
	EndGlobalSection
	GlobalSection(ProjectConfigurationPlatforms) = postSolution
		{2D5DFD1B-3CB2-4AAE-BAFB-1264B00F50A3}.Debug|Any CPU.ActiveCfg = Debug|Any CPU
		{2D5DFD1B-3CB2-4AAE-BAFB-1264B00F50A3}.Debug|Any CPU.Build.0 = Debug|Any CPU
		{2D5DFD1B-3CB2-4AAE-BAFB-1264B00F50A3}.Release|Any CPU.ActiveCfg = Release|Any CPU
		{2D5DFD1B-3CB2-4AAE-BAFB-1264B00F50A3}.Release|Any CPU.Build.0 = Release|Any CPU
		{B50D0C43-B144-43CC-9F59-882D85F87BD3}.Debug|Any CPU.ActiveCfg = Debug|Any CPU
		{B50D0C43-B144-43CC-9F59-882D85F87BD3}.Debug|Any CPU.Build.0 = Debug|Any CPU
		{B50D0C43-B144-43CC-9F59-882D85F87BD3}.Release|Any CPU.ActiveCfg = Release|Any CPU
		{B50D0C43-B144-43CC-9F59-882D85F87BD3}.Release|Any CPU.Build.0 = Release|Any CPU
		{8E190D8E-2801-443C-B387-A04C477D1C23}.Debug|Any CPU.ActiveCfg = Debug|Any CPU
		{8E190D8E-2801-443C-B387-A04C477D1C23}.Debug|Any CPU.Build.0 = Debug|Any CPU
		{8E190D8E-2801-443C-B387-A04C477D1C23}.Release|Any CPU.ActiveCfg = Release|Any CPU
		{8E190D8E-2801-443C-B387-A04C477D1C23}.Release|Any CPU.Build.0 = Release|Any CPU
	EndGlobalSection
	GlobalSection(SolutionProperties) = preSolution
		HideSolutionNode = FALSE
	EndGlobalSection
EndGlobal
